
Microsoft Visual Studio Solution File, Format Version 12.00
# Visual Studio 15
VisualStudioVersion = 15.0.28307.168
MinimumVisualStudioVersion = 10.0.40219.1
Project("{FAE04EC0-301F-11D3-BF4B-00C04F79EFBC}") = "SettingsProject", "SettingsProject\SettingsProject.csproj", "{76C1087E-FB3A-4862-A356-34FBFE1DEAA8}"
EndProject
Project("{FAE04EC0-301F-11D3-BF4B-00C04F79EFBC}") = "SettingsResources", "SettingsResources\SettingsResources.csproj", "{ED9593AD-546C-43E3-AC10-3818AE4D372A}"
EndProject
Project("{FAE04EC0-301F-11D3-BF4B-00C04F79EFBC}") = "SettingsTests", "SettingsTests\SettingsTests.csproj", "{5353BDAC-FB81-4405-81D9-757CE7B48AA3}"
EndProject
Project("{FAE04EC0-301F-11D3-BF4B-00C04F79EFBC}") = "SettingsContracts", "SettingsContracts\SettingsContracts.csproj", "{8A9974AA-A598-42B8-A1EE-92C61FE9559D}"
EndProject
Global
	GlobalSection(SolutionConfigurationPlatforms) = preSolution
		Debug|Any CPU = Debug|Any CPU
		Release|Any CPU = Release|Any CPU
	EndGlobalSection
	GlobalSection(ProjectConfigurationPlatforms) = postSolution
		{76C1087E-FB3A-4862-A356-34FBFE1DEAA8}.Debug|Any CPU.ActiveCfg = Debug|Any CPU
		{76C1087E-FB3A-4862-A356-34FBFE1DEAA8}.Debug|Any CPU.Build.0 = Debug|Any CPU
		{76C1087E-FB3A-4862-A356-34FBFE1DEAA8}.Release|Any CPU.ActiveCfg = Release|Any CPU
		{76C1087E-FB3A-4862-A356-34FBFE1DEAA8}.Release|Any CPU.Build.0 = Release|Any CPU
		{ED9593AD-546C-43E3-AC10-3818AE4D372A}.Debug|Any CPU.ActiveCfg = Debug|Any CPU
		{ED9593AD-546C-43E3-AC10-3818AE4D372A}.Debug|Any CPU.Build.0 = Debug|Any CPU
		{ED9593AD-546C-43E3-AC10-3818AE4D372A}.Release|Any CPU.ActiveCfg = Release|Any CPU
		{ED9593AD-546C-43E3-AC10-3818AE4D372A}.Release|Any CPU.Build.0 = Release|Any CPU
		{5353BDAC-FB81-4405-81D9-757CE7B48AA3}.Debug|Any CPU.ActiveCfg = Debug|Any CPU
		{5353BDAC-FB81-4405-81D9-757CE7B48AA3}.Debug|Any CPU.Build.0 = Debug|Any CPU
		{5353BDAC-FB81-4405-81D9-757CE7B48AA3}.Release|Any CPU.ActiveCfg = Release|Any CPU
		{5353BDAC-FB81-4405-81D9-757CE7B48AA3}.Release|Any CPU.Build.0 = Release|Any CPU
		{8A9974AA-A598-42B8-A1EE-92C61FE9559D}.Debug|Any CPU.ActiveCfg = Debug|Any CPU
		{8A9974AA-A598-42B8-A1EE-92C61FE9559D}.Debug|Any CPU.Build.0 = Debug|Any CPU
		{8A9974AA-A598-42B8-A1EE-92C61FE9559D}.Release|Any CPU.ActiveCfg = Release|Any CPU
		{8A9974AA-A598-42B8-A1EE-92C61FE9559D}.Release|Any CPU.Build.0 = Release|Any CPU
	EndGlobalSection
	GlobalSection(SolutionProperties) = preSolution
		HideSolutionNode = FALSE
	EndGlobalSection
	GlobalSection(ExtensibilityGlobals) = postSolution
		SolutionGuid = {31D74E77-E6B8-4D54-B9D5-52748278D208}
	EndGlobalSection
EndGlobal
